
Microsoft Visual Studio Solution File, Format Version 12.00
# Visual Studio Version 16
VisualStudioVersion = 16.0.30804.86
MinimumVisualStudioVersion = 10.0.40219.1
Project("{FAE04EC0-301F-11D3-BF4B-00C04F79EFBC}") = "QRCheck", "QRCheck\QRCheck.csproj", "{A16AF72D-9A71-460E-A1F0-0195AFED0380}"
EndProject
Global
	GlobalSection(SolutionConfigurationPlatforms) = preSolution
		Debug|Any CPU = Debug|Any CPU
		Release|Any CPU = Release|Any CPU
	EndGlobalSection
	GlobalSection(ProjectConfigurationPlatforms) = postSolution
		{A16AF72D-9A71-460E-A1F0-0195AFED0380}.Debug|Any CPU.ActiveCfg = Debug|Any CPU
		{A16AF72D-9A71-460E-A1F0-0195AFED0380}.Debug|Any CPU.Build.0 = Debug|Any CPU
		{A16AF72D-9A71-460E-A1F0-0195AFED0380}.Release|Any CPU.ActiveCfg = Release|Any CPU
		{A16AF72D-9A71-460E-A1F0-0195AFED0380}.Release|Any CPU.Build.0 = Release|Any CPU
	EndGlobalSection
	GlobalSection(SolutionProperties) = preSolution
		HideSolutionNode = FALSE
	EndGlobalSection
	GlobalSection(ExtensibilityGlobals) = postSolution
		SolutionGuid = {6837DFC6-149E-4BCF-9D2A-FF81D1AE84CB}
	EndGlobalSection
EndGlobal
